// !$*UTF8*$!
{
	archiveVersion = 1;
	classes = {
	};
	objectVersion = 56;
	objects = {

/* Begin PBXBuildFile section */
		CEB45B7A2C4E3D0400327314 /* AppDelegate.swift in Sources */ = {isa = PBXBuildFile; fileRef = CEB45B792C4E3D0400327314 /* AppDelegate.swift */; };
		CEB45B7C2C4E3D0400327314 /* SceneDelegate.swift in Sources */ = {isa = PBXBuildFile; fileRef = CEB45B7B2C4E3D0400327314 /* SceneDelegate.swift */; };
		CEB45B832C4E3D0600327314 /* Assets.xcassets in Resources */ = {isa = PBXBuildFile; fileRef = CEB45B822C4E3D0600327314 /* Assets.xcassets */; };
		CEB45B862C4E3D0600327314 /* Base in Resources */ = {isa = PBXBuildFile; fileRef = CEB45B852C4E3D0600327314 /* Base */; };
		CEB45B982C4E4B0F00327314 /* BaseView.swift in Sources */ = {isa = PBXBuildFile; fileRef = CEB45B972C4E4B0F00327314 /* BaseView.swift */; };
		CEB45B9A2C4E4B9600327314 /* BaseViewController.swift in Sources */ = {isa = PBXBuildFile; fileRef = CEB45B992C4E4B9600327314 /* BaseViewController.swift */; };
		CEB45B9D2C4E4E9000327314 /* Observable.swift in Sources */ = {isa = PBXBuildFile; fileRef = CEB45B9C2C4E4E9000327314 /* Observable.swift */; };
		CEB45BD22C4FCFA100327314 /* ViewModel.swift in Sources */ = {isa = PBXBuildFile; fileRef = CEB45BD12C4FCFA100327314 /* ViewModel.swift */; };
		CEB45BD62C4FD06500327314 /* .gitignore in Resources */ = {isa = PBXBuildFile; fileRef = CEB45BD52C4FD06500327314 /* .gitignore */; };
		CEB45BD92C4FE05300327314 /* SplashViewController.swift in Sources */ = {isa = PBXBuildFile; fileRef = CEB45BD82C4FE05300327314 /* SplashViewController.swift */; };
		CEB45BDB2C4FE05900327314 /* SplashView.swift in Sources */ = {isa = PBXBuildFile; fileRef = CEB45BDA2C4FE05900327314 /* SplashView.swift */; };
		CEB45BDD2C4FE05E00327314 /* SplashViewModel.swift in Sources */ = {isa = PBXBuildFile; fileRef = CEB45BDC2C4FE05E00327314 /* SplashViewModel.swift */; };
		CEB45BE32C4FE6C700327314 /* SnapKit in Frameworks */ = {isa = PBXBuildFile; productRef = CEB45BE22C4FE6C700327314 /* SnapKit */; };
		CEB45BE62C4FEBA600327314 /* MSColor.swift in Sources */ = {isa = PBXBuildFile; fileRef = CEB45BE52C4FEBA600327314 /* MSColor.swift */; };
		CEB45BE92C4FEDD000327314 /* String+.swift in Sources */ = {isa = PBXBuildFile; fileRef = CEB45BE82C4FEDD000327314 /* String+.swift */; };
		CEB45BEB2C4FEDF300327314 /* UIColor+.swift in Sources */ = {isa = PBXBuildFile; fileRef = CEB45BEA2C4FEDF300327314 /* UIColor+.swift */; };
		CEB45BED2C4FF00800327314 /* UIButton+.swift in Sources */ = {isa = PBXBuildFile; fileRef = CEB45BEC2C4FF00800327314 /* UIButton+.swift */; };
		CEB45BEF2C50081800327314 /* UIViewController+.swift in Sources */ = {isa = PBXBuildFile; fileRef = CEB45BEE2C50081800327314 /* UIViewController+.swift */; };
		CEB45BF52C5009DD00327314 /* ProfileSettingView.swift in Sources */ = {isa = PBXBuildFile; fileRef = CEB45BF42C5009DD00327314 /* ProfileSettingView.swift */; };
		CEB45BF72C5009F500327314 /* ProfileSettingViewModel.swift in Sources */ = {isa = PBXBuildFile; fileRef = CEB45BF62C5009F500327314 /* ProfileSettingViewModel.swift */; };
		CEB45BF92C500A2F00327314 /* ProfileSettingViewController.swift in Sources */ = {isa = PBXBuildFile; fileRef = CEB45BF82C500A2F00327314 /* ProfileSettingViewController.swift */; };
		CEB45BFC2C5020FB00327314 /* RoundImageView.swift in Sources */ = {isa = PBXBuildFile; fileRef = CEB45BFB2C5020FB00327314 /* RoundImageView.swift */; };
		CEB45BFE2C50265A00327314 /* PaddingImageView.swift in Sources */ = {isa = PBXBuildFile; fileRef = CEB45BFD2C50265A00327314 /* PaddingImageView.swift */; };
		CEB45C002C502A5600327314 /* InternalPadding.swift in Sources */ = {isa = PBXBuildFile; fileRef = CEB45BFF2C502A5600327314 /* InternalPadding.swift */; };
		CEB45C292C50ECBD00327314 /* ProfileSelectView.swift in Sources */ = {isa = PBXBuildFile; fileRef = CEB45C282C50ECBD00327314 /* ProfileSelectView.swift */; };
		CEB45C2B2C50ECCE00327314 /* ProfileSelectViewModel.swift in Sources */ = {isa = PBXBuildFile; fileRef = CEB45C2A2C50ECCE00327314 /* ProfileSelectViewModel.swift */; };
		CEB45C2D2C50ED2C00327314 /* ProfileSelectViewController.swift in Sources */ = {isa = PBXBuildFile; fileRef = CEB45C2C2C50ED2C00327314 /* ProfileSelectViewController.swift */; };
		CEB45C2F2C50F45100327314 /* ProfileSelectCell.swift in Sources */ = {isa = PBXBuildFile; fileRef = CEB45C2E2C50F45100327314 /* ProfileSelectCell.swift */; };
		CEB45C312C50F9F200327314 /* BaseCollectionViewCell.swift in Sources */ = {isa = PBXBuildFile; fileRef = CEB45C302C50F9F200327314 /* BaseCollectionViewCell.swift */; };
		CEB45C332C51186E00327314 /* ProfileImage.swift in Sources */ = {isa = PBXBuildFile; fileRef = CEB45C322C51186E00327314 /* ProfileImage.swift */; };
		CEB45C352C511C0800327314 /* MBTIView.swift in Sources */ = {isa = PBXBuildFile; fileRef = CEB45C342C511C0800327314 /* MBTIView.swift */; };
		CEB45C372C511FD600327314 /* UICollectionViewLayout+.swift in Sources */ = {isa = PBXBuildFile; fileRef = CEB45C362C511FD600327314 /* UICollectionViewLayout+.swift */; };
		CEB45C392C5139AC00327314 /* MBTIViewCell.swift in Sources */ = {isa = PBXBuildFile; fileRef = CEB45C382C5139AC00327314 /* MBTIViewCell.swift */; };
		CEB45C3B2C5153F300327314 /* Sections.swift in Sources */ = {isa = PBXBuildFile; fileRef = CEB45C3A2C5153F300327314 /* Sections.swift */; };
		CEB45C3D2C51545700327314 /* MBTI.swift in Sources */ = {isa = PBXBuildFile; fileRef = CEB45C3C2C51545700327314 /* MBTI.swift */; };
		CEB45C4A2C51EB1A00327314 /* TabBarController.swift in Sources */ = {isa = PBXBuildFile; fileRef = CEB45C492C51EB1A00327314 /* TabBarController.swift */; };
		CEB45C642C5231E200327314 /* TopicViewController.swift in Sources */ = {isa = PBXBuildFile; fileRef = CEB45C632C5231E200327314 /* TopicViewController.swift */; };
		CEB45C662C5231EE00327314 /* TopicView.swift in Sources */ = {isa = PBXBuildFile; fileRef = CEB45C652C5231EE00327314 /* TopicView.swift */; };
		CEB45C682C52320100327314 /* TopicViewModel.swift in Sources */ = {isa = PBXBuildFile; fileRef = CEB45C672C52320100327314 /* TopicViewModel.swift */; };
		CEB45C6D2C52347100327314 /* SearchViewController.swift in Sources */ = {isa = PBXBuildFile; fileRef = CEB45C6C2C52347100327314 /* SearchViewController.swift */; };
		CEB45C6F2C52348700327314 /* SearchView.swift in Sources */ = {isa = PBXBuildFile; fileRef = CEB45C6E2C52348700327314 /* SearchView.swift */; };
		CEB45C712C5234A500327314 /* SearchViewModel.swift in Sources */ = {isa = PBXBuildFile; fileRef = CEB45C702C5234A500327314 /* SearchViewModel.swift */; };
		CEB45C762C52354100327314 /* LikeView.swift in Sources */ = {isa = PBXBuildFile; fileRef = CEB45C752C52354100327314 /* LikeView.swift */; };
		CEB45C782C52355200327314 /* LikeViewModel.swift in Sources */ = {isa = PBXBuildFile; fileRef = CEB45C772C52355200327314 /* LikeViewModel.swift */; };
		CEB45C7A2C5235EB00327314 /* LikeViewController.swift in Sources */ = {isa = PBXBuildFile; fileRef = CEB45C792C5235EB00327314 /* LikeViewController.swift */; };
		CEB45C7C2C525F6300327314 /* PictureViewCell.swift in Sources */ = {isa = PBXBuildFile; fileRef = CEB45C7B2C525F6300327314 /* PictureViewCell.swift */; };
/* End PBXBuildFile section */

/* Begin PBXFileReference section */
		CEB45B762C4E3D0400327314 /* MySplashed.app */ = {isa = PBXFileReference; explicitFileType = wrapper.application; includeInIndex = 0; path = MySplashed.app; sourceTree = BUILT_PRODUCTS_DIR; };
		CEB45B792C4E3D0400327314 /* AppDelegate.swift */ = {isa = PBXFileReference; lastKnownFileType = sourcecode.swift; path = AppDelegate.swift; sourceTree = "<group>"; };
		CEB45B7B2C4E3D0400327314 /* SceneDelegate.swift */ = {isa = PBXFileReference; lastKnownFileType = sourcecode.swift; path = SceneDelegate.swift; sourceTree = "<group>"; };
		CEB45B822C4E3D0600327314 /* Assets.xcassets */ = {isa = PBXFileReference; lastKnownFileType = folder.assetcatalog; path = Assets.xcassets; sourceTree = "<group>"; };
		CEB45B852C4E3D0600327314 /* Base */ = {isa = PBXFileReference; lastKnownFileType = file.storyboard; name = Base; path = Base.lproj/LaunchScreen.storyboard; sourceTree = "<group>"; };
		CEB45B872C4E3D0600327314 /* Info.plist */ = {isa = PBXFileReference; lastKnownFileType = text.plist.xml; path = Info.plist; sourceTree = "<group>"; };
		CEB45B972C4E4B0F00327314 /* BaseView.swift */ = {isa = PBXFileReference; lastKnownFileType = sourcecode.swift; path = BaseView.swift; sourceTree = "<group>"; };
		CEB45B992C4E4B9600327314 /* BaseViewController.swift */ = {isa = PBXFileReference; lastKnownFileType = sourcecode.swift; path = BaseViewController.swift; sourceTree = "<group>"; };
		CEB45B9C2C4E4E9000327314 /* Observable.swift */ = {isa = PBXFileReference; lastKnownFileType = sourcecode.swift; path = Observable.swift; sourceTree = "<group>"; };
		CEB45BD12C4FCFA100327314 /* ViewModel.swift */ = {isa = PBXFileReference; lastKnownFileType = sourcecode.swift; path = ViewModel.swift; sourceTree = "<group>"; };
		CEB45BD52C4FD06500327314 /* .gitignore */ = {isa = PBXFileReference; fileEncoding = 4; lastKnownFileType = text; name = .gitignore; path = ../.gitignore; sourceTree = "<group>"; };
		CEB45BD82C4FE05300327314 /* SplashViewController.swift */ = {isa = PBXFileReference; lastKnownFileType = sourcecode.swift; path = SplashViewController.swift; sourceTree = "<group>"; };
		CEB45BDA2C4FE05900327314 /* SplashView.swift */ = {isa = PBXFileReference; lastKnownFileType = sourcecode.swift; path = SplashView.swift; sourceTree = "<group>"; };
		CEB45BDC2C4FE05E00327314 /* SplashViewModel.swift */ = {isa = PBXFileReference; lastKnownFileType = sourcecode.swift; path = SplashViewModel.swift; sourceTree = "<group>"; };
		CEB45BE52C4FEBA600327314 /* MSColor.swift */ = {isa = PBXFileReference; lastKnownFileType = sourcecode.swift; path = MSColor.swift; sourceTree = "<group>"; };
		CEB45BE82C4FEDD000327314 /* String+.swift */ = {isa = PBXFileReference; lastKnownFileType = sourcecode.swift; path = "String+.swift"; sourceTree = "<group>"; };
		CEB45BEA2C4FEDF300327314 /* UIColor+.swift */ = {isa = PBXFileReference; lastKnownFileType = sourcecode.swift; path = "UIColor+.swift"; sourceTree = "<group>"; };
		CEB45BEC2C4FF00800327314 /* UIButton+.swift */ = {isa = PBXFileReference; lastKnownFileType = sourcecode.swift; path = "UIButton+.swift"; sourceTree = "<group>"; };
		CEB45BEE2C50081800327314 /* UIViewController+.swift */ = {isa = PBXFileReference; lastKnownFileType = sourcecode.swift; path = "UIViewController+.swift"; sourceTree = "<group>"; };
		CEB45BF42C5009DD00327314 /* ProfileSettingView.swift */ = {isa = PBXFileReference; lastKnownFileType = sourcecode.swift; path = ProfileSettingView.swift; sourceTree = "<group>"; };
		CEB45BF62C5009F500327314 /* ProfileSettingViewModel.swift */ = {isa = PBXFileReference; lastKnownFileType = sourcecode.swift; path = ProfileSettingViewModel.swift; sourceTree = "<group>"; };
		CEB45BF82C500A2F00327314 /* ProfileSettingViewController.swift */ = {isa = PBXFileReference; lastKnownFileType = sourcecode.swift; path = ProfileSettingViewController.swift; sourceTree = "<group>"; };
		CEB45BFB2C5020FB00327314 /* RoundImageView.swift */ = {isa = PBXFileReference; lastKnownFileType = sourcecode.swift; path = RoundImageView.swift; sourceTree = "<group>"; };
		CEB45BFD2C50265A00327314 /* PaddingImageView.swift */ = {isa = PBXFileReference; lastKnownFileType = sourcecode.swift; path = PaddingImageView.swift; sourceTree = "<group>"; };
		CEB45BFF2C502A5600327314 /* InternalPadding.swift */ = {isa = PBXFileReference; lastKnownFileType = sourcecode.swift; path = InternalPadding.swift; sourceTree = "<group>"; };
		CEB45C282C50ECBD00327314 /* ProfileSelectView.swift */ = {isa = PBXFileReference; lastKnownFileType = sourcecode.swift; path = ProfileSelectView.swift; sourceTree = "<group>"; };
		CEB45C2A2C50ECCE00327314 /* ProfileSelectViewModel.swift */ = {isa = PBXFileReference; lastKnownFileType = sourcecode.swift; path = ProfileSelectViewModel.swift; sourceTree = "<group>"; };
		CEB45C2C2C50ED2C00327314 /* ProfileSelectViewController.swift */ = {isa = PBXFileReference; lastKnownFileType = sourcecode.swift; path = ProfileSelectViewController.swift; sourceTree = "<group>"; };
		CEB45C2E2C50F45100327314 /* ProfileSelectCell.swift */ = {isa = PBXFileReference; lastKnownFileType = sourcecode.swift; path = ProfileSelectCell.swift; sourceTree = "<group>"; };
		CEB45C302C50F9F200327314 /* BaseCollectionViewCell.swift */ = {isa = PBXFileReference; lastKnownFileType = sourcecode.swift; path = BaseCollectionViewCell.swift; sourceTree = "<group>"; };
		CEB45C322C51186E00327314 /* ProfileImage.swift */ = {isa = PBXFileReference; lastKnownFileType = sourcecode.swift; path = ProfileImage.swift; sourceTree = "<group>"; };
		CEB45C342C511C0800327314 /* MBTIView.swift */ = {isa = PBXFileReference; lastKnownFileType = sourcecode.swift; path = MBTIView.swift; sourceTree = "<group>"; };
		CEB45C362C511FD600327314 /* UICollectionViewLayout+.swift */ = {isa = PBXFileReference; lastKnownFileType = sourcecode.swift; path = "UICollectionViewLayout+.swift"; sourceTree = "<group>"; };
		CEB45C382C5139AC00327314 /* MBTIViewCell.swift */ = {isa = PBXFileReference; lastKnownFileType = sourcecode.swift; path = MBTIViewCell.swift; sourceTree = "<group>"; };
		CEB45C3A2C5153F300327314 /* Sections.swift */ = {isa = PBXFileReference; lastKnownFileType = sourcecode.swift; path = Sections.swift; sourceTree = "<group>"; };
		CEB45C3C2C51545700327314 /* MBTI.swift */ = {isa = PBXFileReference; lastKnownFileType = sourcecode.swift; path = MBTI.swift; sourceTree = "<group>"; };
		CEB45C492C51EB1A00327314 /* TabBarController.swift */ = {isa = PBXFileReference; lastKnownFileType = sourcecode.swift; path = TabBarController.swift; sourceTree = "<group>"; };
		CEB45C632C5231E200327314 /* TopicViewController.swift */ = {isa = PBXFileReference; lastKnownFileType = sourcecode.swift; path = TopicViewController.swift; sourceTree = "<group>"; };
		CEB45C652C5231EE00327314 /* TopicView.swift */ = {isa = PBXFileReference; lastKnownFileType = sourcecode.swift; path = TopicView.swift; sourceTree = "<group>"; };
		CEB45C672C52320100327314 /* TopicViewModel.swift */ = {isa = PBXFileReference; lastKnownFileType = sourcecode.swift; path = TopicViewModel.swift; sourceTree = "<group>"; };
		CEB45C6C2C52347100327314 /* SearchViewController.swift */ = {isa = PBXFileReference; lastKnownFileType = sourcecode.swift; path = SearchViewController.swift; sourceTree = "<group>"; };
		CEB45C6E2C52348700327314 /* SearchView.swift */ = {isa = PBXFileReference; lastKnownFileType = sourcecode.swift; path = SearchView.swift; sourceTree = "<group>"; };
		CEB45C702C5234A500327314 /* SearchViewModel.swift */ = {isa = PBXFileReference; lastKnownFileType = sourcecode.swift; path = SearchViewModel.swift; sourceTree = "<group>"; };
		CEB45C752C52354100327314 /* LikeView.swift */ = {isa = PBXFileReference; lastKnownFileType = sourcecode.swift; path = LikeView.swift; sourceTree = "<group>"; };
		CEB45C772C52355200327314 /* LikeViewModel.swift */ = {isa = PBXFileReference; lastKnownFileType = sourcecode.swift; path = LikeViewModel.swift; sourceTree = "<group>"; };
		CEB45C792C5235EB00327314 /* LikeViewController.swift */ = {isa = PBXFileReference; lastKnownFileType = sourcecode.swift; path = LikeViewController.swift; sourceTree = "<group>"; };
		CEB45C7B2C525F6300327314 /* PictureViewCell.swift */ = {isa = PBXFileReference; lastKnownFileType = sourcecode.swift; path = PictureViewCell.swift; sourceTree = "<group>"; };
/* End PBXFileReference section */

/* Begin PBXFrameworksBuildPhase section */
		CEB45B732C4E3D0400327314 /* Frameworks */ = {
			isa = PBXFrameworksBuildPhase;
			buildActionMask = 2147483647;
			files = (
				CEB45BE32C4FE6C700327314 /* SnapKit in Frameworks */,
			);
			runOnlyForDeploymentPostprocessing = 0;
		};
/* End PBXFrameworksBuildPhase section */

/* Begin PBXGroup section */
		CEB45B6D2C4E3D0400327314 = {
			isa = PBXGroup;
			children = (
				CEB45BD52C4FD06500327314 /* .gitignore */,
				CEB45B782C4E3D0400327314 /* MySplashed */,
				CEB45B772C4E3D0400327314 /* Products */,
			);
			sourceTree = "<group>";
		};
		CEB45B772C4E3D0400327314 /* Products */ = {
			isa = PBXGroup;
			children = (
				CEB45B762C4E3D0400327314 /* MySplashed.app */,
			);
			name = Products;
			sourceTree = "<group>";
		};
		CEB45B782C4E3D0400327314 /* MySplashed */ = {
			isa = PBXGroup;
			children = (
				CEB45B8F2C4E486D00327314 /* App */,
				CEB45B902C4E487400327314 /* Bases */,
				CEB45B942C4E49BA00327314 /* Presenters */,
				CEB45B912C4E487A00327314 /* Resoureces */,
				CEB45B922C4E488700327314 /* Utils */,
			);
			path = MySplashed;
			sourceTree = "<group>";
		};
		CEB45B8F2C4E486D00327314 /* App */ = {
			isa = PBXGroup;
			children = (
				CEB45B792C4E3D0400327314 /* AppDelegate.swift */,
				CEB45B7B2C4E3D0400327314 /* SceneDelegate.swift */,
				CEB45B842C4E3D0600327314 /* LaunchScreen.storyboard */,
				CEB45B872C4E3D0600327314 /* Info.plist */,
			);
			path = App;
			sourceTree = "<group>";
		};
		CEB45B902C4E487400327314 /* Bases */ = {
			isa = PBXGroup;
			children = (
				CEB45B972C4E4B0F00327314 /* BaseView.swift */,
				CEB45B992C4E4B9600327314 /* BaseViewController.swift */,
				CEB45C302C50F9F200327314 /* BaseCollectionViewCell.swift */,
			);
			path = Bases;
			sourceTree = "<group>";
		};
		CEB45B912C4E487A00327314 /* Resoureces */ = {
			isa = PBXGroup;
			children = (
				CEB45B822C4E3D0600327314 /* Assets.xcassets */,
			);
			path = Resoureces;
			sourceTree = "<group>";
		};
		CEB45B922C4E488700327314 /* Utils */ = {
			isa = PBXGroup;
			children = (
				CEB45BE42C4FEB9800327314 /* Constants */,
				CEB45BE72C4FEDA800327314 /* Extensions */,
				CEB45B9B2C4E4E8700327314 /* Observable */,
				CEB45BD02C4FCF7D00327314 /* Protocols */,
			);
			path = Utils;
			sourceTree = "<group>";
		};
		CEB45B942C4E49BA00327314 /* Presenters */ = {
			isa = PBXGroup;
			children = (
				CEB45C5F2C52313500327314 /* Main */,
				CEB45C5E2C52311100327314 /* OnBoarding */,
				CEB45BFA2C5020D000327314 /* Reusable */,
				CEB45C482C51EAF800327314 /* TabBar */,
			);
			path = Presenters;
			sourceTree = "<group>";
		};
		CEB45B9B2C4E4E8700327314 /* Observable */ = {
			isa = PBXGroup;
			children = (
				CEB45B9C2C4E4E9000327314 /* Observable.swift */,
			);
			path = Observable;
			sourceTree = "<group>";
		};
		CEB45BD02C4FCF7D00327314 /* Protocols */ = {
			isa = PBXGroup;
			children = (
				CEB45BD12C4FCFA100327314 /* ViewModel.swift */,
				CEB45BFF2C502A5600327314 /* InternalPadding.swift */,
			);
			path = Protocols;
			sourceTree = "<group>";
		};
		CEB45BD72C4FE04700327314 /* Splash */ = {
			isa = PBXGroup;
			children = (
				CEB45BDF2C4FE0E300327314 /* View */,
				CEB45BDE2C4FE0DA00327314 /* ViewContoller */,
				CEB45BE02C4FE0EA00327314 /* ViewModel */,
			);
			path = Splash;
			sourceTree = "<group>";
		};
		CEB45BDE2C4FE0DA00327314 /* ViewContoller */ = {
			isa = PBXGroup;
			children = (
				CEB45BD82C4FE05300327314 /* SplashViewController.swift */,
			);
			path = ViewContoller;
			sourceTree = "<group>";
		};
		CEB45BDF2C4FE0E300327314 /* View */ = {
			isa = PBXGroup;
			children = (
				CEB45BDA2C4FE05900327314 /* SplashView.swift */,
			);
			path = View;
			sourceTree = "<group>";
		};
		CEB45BE02C4FE0EA00327314 /* ViewModel */ = {
			isa = PBXGroup;
			children = (
				CEB45BDC2C4FE05E00327314 /* SplashViewModel.swift */,
			);
			path = ViewModel;
			sourceTree = "<group>";
		};
		CEB45BE42C4FEB9800327314 /* Constants */ = {
			isa = PBXGroup;
			children = (
				CEB45BE52C4FEBA600327314 /* MSColor.swift */,
				CEB45C322C51186E00327314 /* ProfileImage.swift */,
				CEB45C3A2C5153F300327314 /* Sections.swift */,
				CEB45C3C2C51545700327314 /* MBTI.swift */,
			);
			path = Constants;
			sourceTree = "<group>";
		};
		CEB45BE72C4FEDA800327314 /* Extensions */ = {
			isa = PBXGroup;
			children = (
				CEB45BE82C4FEDD000327314 /* String+.swift */,
				CEB45BEA2C4FEDF300327314 /* UIColor+.swift */,
				CEB45BEC2C4FF00800327314 /* UIButton+.swift */,
				CEB45BEE2C50081800327314 /* UIViewController+.swift */,
				CEB45C362C511FD600327314 /* UICollectionViewLayout+.swift */,
			);
			path = Extensions;
			sourceTree = "<group>";
		};
		CEB45BF02C5009B300327314 /* ProfileSetting */ = {
			isa = PBXGroup;
			children = (
				CEB45BF12C5009C300327314 /* View */,
				CEB45BF22C5009C700327314 /* ViewModel */,
				CEB45BF32C5009CB00327314 /* ViewController */,
			);
			path = ProfileSetting;
			sourceTree = "<group>";
		};
		CEB45BF12C5009C300327314 /* View */ = {
			isa = PBXGroup;
			children = (
				CEB45BF42C5009DD00327314 /* ProfileSettingView.swift */,
				CEB45C342C511C0800327314 /* MBTIView.swift */,
				CEB45C382C5139AC00327314 /* MBTIViewCell.swift */,
			);
			path = View;
			sourceTree = "<group>";
		};
		CEB45BF22C5009C700327314 /* ViewModel */ = {
			isa = PBXGroup;
			children = (
				CEB45BF62C5009F500327314 /* ProfileSettingViewModel.swift */,
			);
			path = ViewModel;
			sourceTree = "<group>";
		};
		CEB45BF32C5009CB00327314 /* ViewController */ = {
			isa = PBXGroup;
			children = (
				CEB45BF82C500A2F00327314 /* ProfileSettingViewController.swift */,
			);
			path = ViewController;
			sourceTree = "<group>";
		};
		CEB45BFA2C5020D000327314 /* Reusable */ = {
			isa = PBXGroup;
			children = (
				CEB45BFB2C5020FB00327314 /* RoundImageView.swift */,
				CEB45BFD2C50265A00327314 /* PaddingImageView.swift */,
				CEB45C7B2C525F6300327314 /* PictureViewCell.swift */,
			);
			path = Reusable;
			sourceTree = "<group>";
		};
		CEB45C242C50EC6700327314 /* ProfileSelect */ = {
			isa = PBXGroup;
			children = (
				CEB45C252C50ECA000327314 /* View */,
				CEB45C262C50ECA700327314 /* ViewModel */,
				CEB45C272C50ECAF00327314 /* ViewController */,
			);
			path = ProfileSelect;
			sourceTree = "<group>";
		};
		CEB45C252C50ECA000327314 /* View */ = {
			isa = PBXGroup;
			children = (
				CEB45C282C50ECBD00327314 /* ProfileSelectView.swift */,
				CEB45C2E2C50F45100327314 /* ProfileSelectCell.swift */,
			);
			path = View;
			sourceTree = "<group>";
		};
		CEB45C262C50ECA700327314 /* ViewModel */ = {
			isa = PBXGroup;
			children = (
				CEB45C2A2C50ECCE00327314 /* ProfileSelectViewModel.swift */,
			);
			path = ViewModel;
			sourceTree = "<group>";
		};
		CEB45C272C50ECAF00327314 /* ViewController */ = {
			isa = PBXGroup;
			children = (
				CEB45C2C2C50ED2C00327314 /* ProfileSelectViewController.swift */,
			);
			path = ViewController;
			sourceTree = "<group>";
		};
		CEB45C482C51EAF800327314 /* TabBar */ = {
			isa = PBXGroup;
			children = (
				CEB45C492C51EB1A00327314 /* TabBarController.swift */,
			);
			path = TabBar;
			sourceTree = "<group>";
		};
		CEB45C592C522FD300327314 /* Topic */ = {
			isa = PBXGroup;
			children = (
				CEB45C622C5231D700327314 /* View */,
				CEB45C612C5231D000327314 /* ViewModel */,
				CEB45C602C5231C500327314 /* ViewController */,
			);
			path = Topic;
			sourceTree = "<group>";
		};
		CEB45C5A2C522FEC00327314 /* Random */ = {
			isa = PBXGroup;
			children = (
			);
			path = Random;
			sourceTree = "<group>";
		};
		CEB45C5B2C52302B00327314 /* Search */ = {
			isa = PBXGroup;
			children = (
				CEB45C6B2C52345000327314 /* View */,
				CEB45C6A2C52344C00327314 /* ViewModel */,
				CEB45C692C52344400327314 /* ViewController */,
			);
			path = Search;
			sourceTree = "<group>";
		};
		CEB45C5C2C52303700327314 /* Like */ = {
			isa = PBXGroup;
			children = (
				CEB45C742C52353800327314 /* View */,
				CEB45C732C52353300327314 /* ViewModel */,
				CEB45C722C52352E00327314 /* ViewController */,
			);
			path = Like;
			sourceTree = "<group>";
		};
		CEB45C5E2C52311100327314 /* OnBoarding */ = {
			isa = PBXGroup;
			children = (
				CEB45C242C50EC6700327314 /* ProfileSelect */,
				CEB45BF02C5009B300327314 /* ProfileSetting */,
				CEB45BD72C4FE04700327314 /* Splash */,
			);
			path = OnBoarding;
			sourceTree = "<group>";
		};
		CEB45C5F2C52313500327314 /* Main */ = {
			isa = PBXGroup;
			children = (
				CEB45C592C522FD300327314 /* Topic */,
				CEB45C5B2C52302B00327314 /* Search */,
				CEB45C5A2C522FEC00327314 /* Random */,
				CEB45C5C2C52303700327314 /* Like */,
			);
			path = Main;
			sourceTree = "<group>";
		};
		CEB45C602C5231C500327314 /* ViewController */ = {
			isa = PBXGroup;
			children = (
				CEB45C632C5231E200327314 /* TopicViewController.swift */,
			);
			path = ViewController;
			sourceTree = "<group>";
		};
		CEB45C612C5231D000327314 /* ViewModel */ = {
			isa = PBXGroup;
			children = (
				CEB45C672C52320100327314 /* TopicViewModel.swift */,
			);
			path = ViewModel;
			sourceTree = "<group>";
		};
		CEB45C622C5231D700327314 /* View */ = {
			isa = PBXGroup;
			children = (
				CEB45C652C5231EE00327314 /* TopicView.swift */,
			);
			path = View;
			sourceTree = "<group>";
		};
		CEB45C692C52344400327314 /* ViewController */ = {
			isa = PBXGroup;
			children = (
				CEB45C6C2C52347100327314 /* SearchViewController.swift */,
			);
			path = ViewController;
			sourceTree = "<group>";
		};
		CEB45C6A2C52344C00327314 /* ViewModel */ = {
			isa = PBXGroup;
			children = (
				CEB45C702C5234A500327314 /* SearchViewModel.swift */,
			);
			path = ViewModel;
			sourceTree = "<group>";
		};
		CEB45C6B2C52345000327314 /* View */ = {
			isa = PBXGroup;
			children = (
				CEB45C6E2C52348700327314 /* SearchView.swift */,
			);
			path = View;
			sourceTree = "<group>";
		};
		CEB45C722C52352E00327314 /* ViewController */ = {
			isa = PBXGroup;
			children = (
				CEB45C792C5235EB00327314 /* LikeViewController.swift */,
			);
			path = ViewController;
			sourceTree = "<group>";
		};
		CEB45C732C52353300327314 /* ViewModel */ = {
			isa = PBXGroup;
			children = (
				CEB45C772C52355200327314 /* LikeViewModel.swift */,
			);
			path = ViewModel;
			sourceTree = "<group>";
		};
		CEB45C742C52353800327314 /* View */ = {
			isa = PBXGroup;
			children = (
				CEB45C752C52354100327314 /* LikeView.swift */,
			);
			path = View;
			sourceTree = "<group>";
		};
/* End PBXGroup section */

/* Begin PBXNativeTarget section */
		CEB45B752C4E3D0400327314 /* MySplashed */ = {
			isa = PBXNativeTarget;
			buildConfigurationList = CEB45B8A2C4E3D0600327314 /* Build configuration list for PBXNativeTarget "MySplashed" */;
			buildPhases = (
				CEB45B722C4E3D0400327314 /* Sources */,
				CEB45B732C4E3D0400327314 /* Frameworks */,
				CEB45B742C4E3D0400327314 /* Resources */,
			);
			buildRules = (
			);
			dependencies = (
			);
			name = MySplashed;
			packageProductDependencies = (
				CEB45BE22C4FE6C700327314 /* SnapKit */,
			);
			productName = MySplashed;
			productReference = CEB45B762C4E3D0400327314 /* MySplashed.app */;
			productType = "com.apple.product-type.application";
		};
/* End PBXNativeTarget section */

/* Begin PBXProject section */
		CEB45B6E2C4E3D0400327314 /* Project object */ = {
			isa = PBXProject;
			attributes = {
				BuildIndependentTargetsInParallel = 1;
				LastSwiftUpdateCheck = 1530;
				LastUpgradeCheck = 1530;
				TargetAttributes = {
					CEB45B752C4E3D0400327314 = {
						CreatedOnToolsVersion = 15.3;
					};
				};
			};
			buildConfigurationList = CEB45B712C4E3D0400327314 /* Build configuration list for PBXProject "MySplashed" */;
			compatibilityVersion = "Xcode 14.0";
			developmentRegion = en;
			hasScannedForEncodings = 0;
			knownRegions = (
				en,
				Base,
			);
			mainGroup = CEB45B6D2C4E3D0400327314;
			packageReferences = (
				CEB45BE12C4FE6C700327314 /* XCRemoteSwiftPackageReference "SnapKit" */,
			);
			productRefGroup = CEB45B772C4E3D0400327314 /* Products */;
			projectDirPath = "";
			projectRoot = "";
			targets = (
				CEB45B752C4E3D0400327314 /* MySplashed */,
			);
		};
/* End PBXProject section */

/* Begin PBXResourcesBuildPhase section */
		CEB45B742C4E3D0400327314 /* Resources */ = {
			isa = PBXResourcesBuildPhase;
			buildActionMask = 2147483647;
			files = (
				CEB45B832C4E3D0600327314 /* Assets.xcassets in Resources */,
				CEB45BD62C4FD06500327314 /* .gitignore in Resources */,
				CEB45B862C4E3D0600327314 /* Base in Resources */,
			);
			runOnlyForDeploymentPostprocessing = 0;
		};
/* End PBXResourcesBuildPhase section */

/* Begin PBXSourcesBuildPhase section */
		CEB45B722C4E3D0400327314 /* Sources */ = {
			isa = PBXSourcesBuildPhase;
			buildActionMask = 2147483647;
			files = (
				CEB45C002C502A5600327314 /* InternalPadding.swift in Sources */,
				CEB45C4A2C51EB1A00327314 /* TabBarController.swift in Sources */,
				CEB45C392C5139AC00327314 /* MBTIViewCell.swift in Sources */,
				CEB45C762C52354100327314 /* LikeView.swift in Sources */,
				CEB45BEF2C50081800327314 /* UIViewController+.swift in Sources */,
				CEB45C712C5234A500327314 /* SearchViewModel.swift in Sources */,
				CEB45C2B2C50ECCE00327314 /* ProfileSelectViewModel.swift in Sources */,
				CEB45C7A2C5235EB00327314 /* LikeViewController.swift in Sources */,
				CEB45C332C51186E00327314 /* ProfileImage.swift in Sources */,
				CEB45B9A2C4E4B9600327314 /* BaseViewController.swift in Sources */,
				CEB45B7A2C4E3D0400327314 /* AppDelegate.swift in Sources */,
				CEB45C3D2C51545700327314 /* MBTI.swift in Sources */,
				CEB45B7C2C4E3D0400327314 /* SceneDelegate.swift in Sources */,
				CEB45B9D2C4E4E9000327314 /* Observable.swift in Sources */,
				CEB45BDD2C4FE05E00327314 /* SplashViewModel.swift in Sources */,
				CEB45BEB2C4FEDF300327314 /* UIColor+.swift in Sources */,
				CEB45C292C50ECBD00327314 /* ProfileSelectView.swift in Sources */,
				CEB45BF52C5009DD00327314 /* ProfileSettingView.swift in Sources */,
				CEB45C352C511C0800327314 /* MBTIView.swift in Sources */,
				CEB45BE62C4FEBA600327314 /* MSColor.swift in Sources */,
				CEB45C2D2C50ED2C00327314 /* ProfileSelectViewController.swift in Sources */,
				CEB45BED2C4FF00800327314 /* UIButton+.swift in Sources */,
				CEB45BD22C4FCFA100327314 /* ViewModel.swift in Sources */,
				CEB45C312C50F9F200327314 /* BaseCollectionViewCell.swift in Sources */,
				CEB45BE92C4FEDD000327314 /* String+.swift in Sources */,
				CEB45B982C4E4B0F00327314 /* BaseView.swift in Sources */,
				CEB45C6F2C52348700327314 /* SearchView.swift in Sources */,
				CEB45BF92C500A2F00327314 /* ProfileSettingViewController.swift in Sources */,
				CEB45BFE2C50265A00327314 /* PaddingImageView.swift in Sources */,
				CEB45C2F2C50F45100327314 /* ProfileSelectCell.swift in Sources */,
				CEB45C662C5231EE00327314 /* TopicView.swift in Sources */,
				CEB45BD92C4FE05300327314 /* SplashViewController.swift in Sources */,
				CEB45C3B2C5153F300327314 /* Sections.swift in Sources */,
				CEB45BF72C5009F500327314 /* ProfileSettingViewModel.swift in Sources */,
				CEB45C6D2C52347100327314 /* SearchViewController.swift in Sources */,
				CEB45BDB2C4FE05900327314 /* SplashView.swift in Sources */,
				CEB45C372C511FD600327314 /* UICollectionViewLayout+.swift in Sources */,
				CEB45BFC2C5020FB00327314 /* RoundImageView.swift in Sources */,
				CEB45C642C5231E200327314 /* TopicViewController.swift in Sources */,
				CEB45C7C2C525F6300327314 /* PictureViewCell.swift in Sources */,
				CEB45C682C52320100327314 /* TopicViewModel.swift in Sources */,
				CEB45C782C52355200327314 /* LikeViewModel.swift in Sources */,
			);
			runOnlyForDeploymentPostprocessing = 0;
		};
/* End PBXSourcesBuildPhase section */

/* Begin PBXVariantGroup section */
		CEB45B842C4E3D0600327314 /* LaunchScreen.storyboard */ = {
			isa = PBXVariantGroup;
			children = (
				CEB45B852C4E3D0600327314 /* Base */,
			);
			name = LaunchScreen.storyboard;
			sourceTree = "<group>";
		};
/* End PBXVariantGroup section */

/* Begin XCBuildConfiguration section */
		CEB45B882C4E3D0600327314 /* Debug */ = {
			isa = XCBuildConfiguration;
			buildSettings = {
				ALWAYS_SEARCH_USER_PATHS = NO;
				ASSETCATALOG_COMPILER_GENERATE_SWIFT_ASSET_SYMBOL_EXTENSIONS = YES;
				CLANG_ANALYZER_NONNULL = YES;
				CLANG_ANALYZER_NUMBER_OBJECT_CONVERSION = YES_AGGRESSIVE;
				CLANG_CXX_LANGUAGE_STANDARD = "gnu++20";
				CLANG_ENABLE_MODULES = YES;
				CLANG_ENABLE_OBJC_ARC = YES;
				CLANG_ENABLE_OBJC_WEAK = YES;
				CLANG_WARN_BLOCK_CAPTURE_AUTORELEASING = YES;
				CLANG_WARN_BOOL_CONVERSION = YES;
				CLANG_WARN_COMMA = YES;
				CLANG_WARN_CONSTANT_CONVERSION = YES;
				CLANG_WARN_DEPRECATED_OBJC_IMPLEMENTATIONS = YES;
				CLANG_WARN_DIRECT_OBJC_ISA_USAGE = YES_ERROR;
				CLANG_WARN_DOCUMENTATION_COMMENTS = YES;
				CLANG_WARN_EMPTY_BODY = YES;
				CLANG_WARN_ENUM_CONVERSION = YES;
				CLANG_WARN_INFINITE_RECURSION = YES;
				CLANG_WARN_INT_CONVERSION = YES;
				CLANG_WARN_NON_LITERAL_NULL_CONVERSION = YES;
				CLANG_WARN_OBJC_IMPLICIT_RETAIN_SELF = YES;
				CLANG_WARN_OBJC_LITERAL_CONVERSION = YES;
				CLANG_WARN_OBJC_ROOT_CLASS = YES_ERROR;
				CLANG_WARN_QUOTED_INCLUDE_IN_FRAMEWORK_HEADER = YES;
				CLANG_WARN_RANGE_LOOP_ANALYSIS = YES;
				CLANG_WARN_STRICT_PROTOTYPES = YES;
				CLANG_WARN_SUSPICIOUS_MOVE = YES;
				CLANG_WARN_UNGUARDED_AVAILABILITY = YES_AGGRESSIVE;
				CLANG_WARN_UNREACHABLE_CODE = YES;
				CLANG_WARN__DUPLICATE_METHOD_MATCH = YES;
				COPY_PHASE_STRIP = NO;
				DEBUG_INFORMATION_FORMAT = dwarf;
				ENABLE_STRICT_OBJC_MSGSEND = YES;
				ENABLE_TESTABILITY = YES;
				ENABLE_USER_SCRIPT_SANDBOXING = YES;
				GCC_C_LANGUAGE_STANDARD = gnu17;
				GCC_DYNAMIC_NO_PIC = NO;
				GCC_NO_COMMON_BLOCKS = YES;
				GCC_OPTIMIZATION_LEVEL = 0;
				GCC_PREPROCESSOR_DEFINITIONS = (
					"DEBUG=1",
					"$(inherited)",
				);
				GCC_WARN_64_TO_32_BIT_CONVERSION = YES;
				GCC_WARN_ABOUT_RETURN_TYPE = YES_ERROR;
				GCC_WARN_UNDECLARED_SELECTOR = YES;
				GCC_WARN_UNINITIALIZED_AUTOS = YES_AGGRESSIVE;
				GCC_WARN_UNUSED_FUNCTION = YES;
				GCC_WARN_UNUSED_VARIABLE = YES;
				IPHONEOS_DEPLOYMENT_TARGET = 15.0;
				LOCALIZATION_PREFERS_STRING_CATALOGS = YES;
				MTL_ENABLE_DEBUG_INFO = INCLUDE_SOURCE;
				MTL_FAST_MATH = YES;
				ONLY_ACTIVE_ARCH = YES;
				SDKROOT = iphoneos;
				SWIFT_ACTIVE_COMPILATION_CONDITIONS = "DEBUG $(inherited)";
				SWIFT_OPTIMIZATION_LEVEL = "-Onone";
			};
			name = Debug;
		};
		CEB45B892C4E3D0600327314 /* Release */ = {
			isa = XCBuildConfiguration;
			buildSettings = {
				ALWAYS_SEARCH_USER_PATHS = NO;
				ASSETCATALOG_COMPILER_GENERATE_SWIFT_ASSET_SYMBOL_EXTENSIONS = YES;
				CLANG_ANALYZER_NONNULL = YES;
				CLANG_ANALYZER_NUMBER_OBJECT_CONVERSION = YES_AGGRESSIVE;
				CLANG_CXX_LANGUAGE_STANDARD = "gnu++20";
				CLANG_ENABLE_MODULES = YES;
				CLANG_ENABLE_OBJC_ARC = YES;
				CLANG_ENABLE_OBJC_WEAK = YES;
				CLANG_WARN_BLOCK_CAPTURE_AUTORELEASING = YES;
				CLANG_WARN_BOOL_CONVERSION = YES;
				CLANG_WARN_COMMA = YES;
				CLANG_WARN_CONSTANT_CONVERSION = YES;
				CLANG_WARN_DEPRECATED_OBJC_IMPLEMENTATIONS = YES;
				CLANG_WARN_DIRECT_OBJC_ISA_USAGE = YES_ERROR;
				CLANG_WARN_DOCUMENTATION_COMMENTS = YES;
				CLANG_WARN_EMPTY_BODY = YES;
				CLANG_WARN_ENUM_CONVERSION = YES;
				CLANG_WARN_INFINITE_RECURSION = YES;
				CLANG_WARN_INT_CONVERSION = YES;
				CLANG_WARN_NON_LITERAL_NULL_CONVERSION = YES;
				CLANG_WARN_OBJC_IMPLICIT_RETAIN_SELF = YES;
				CLANG_WARN_OBJC_LITERAL_CONVERSION = YES;
				CLANG_WARN_OBJC_ROOT_CLASS = YES_ERROR;
				CLANG_WARN_QUOTED_INCLUDE_IN_FRAMEWORK_HEADER = YES;
				CLANG_WARN_RANGE_LOOP_ANALYSIS = YES;
				CLANG_WARN_STRICT_PROTOTYPES = YES;
				CLANG_WARN_SUSPICIOUS_MOVE = YES;
				CLANG_WARN_UNGUARDED_AVAILABILITY = YES_AGGRESSIVE;
				CLANG_WARN_UNREACHABLE_CODE = YES;
				CLANG_WARN__DUPLICATE_METHOD_MATCH = YES;
				COPY_PHASE_STRIP = NO;
				DEBUG_INFORMATION_FORMAT = "dwarf-with-dsym";
				ENABLE_NS_ASSERTIONS = NO;
				ENABLE_STRICT_OBJC_MSGSEND = YES;
				ENABLE_USER_SCRIPT_SANDBOXING = YES;
				GCC_C_LANGUAGE_STANDARD = gnu17;
				GCC_NO_COMMON_BLOCKS = YES;
				GCC_WARN_64_TO_32_BIT_CONVERSION = YES;
				GCC_WARN_ABOUT_RETURN_TYPE = YES_ERROR;
				GCC_WARN_UNDECLARED_SELECTOR = YES;
				GCC_WARN_UNINITIALIZED_AUTOS = YES_AGGRESSIVE;
				GCC_WARN_UNUSED_FUNCTION = YES;
				GCC_WARN_UNUSED_VARIABLE = YES;
				IPHONEOS_DEPLOYMENT_TARGET = 15.0;
				LOCALIZATION_PREFERS_STRING_CATALOGS = YES;
				MTL_ENABLE_DEBUG_INFO = NO;
				MTL_FAST_MATH = YES;
				SDKROOT = iphoneos;
				SWIFT_COMPILATION_MODE = wholemodule;
				VALIDATE_PRODUCT = YES;
			};
			name = Release;
		};
		CEB45B8B2C4E3D0600327314 /* Debug */ = {
			isa = XCBuildConfiguration;
			buildSettings = {
				ASSETCATALOG_COMPILER_APPICON_NAME = AppIcon;
				ASSETCATALOG_COMPILER_GLOBAL_ACCENT_COLOR_NAME = AccentColor;
				CODE_SIGN_STYLE = Automatic;
				CURRENT_PROJECT_VERSION = 1;
				DEVELOPMENT_TEAM = CZH2CMCGCZ;
				GENERATE_INFOPLIST_FILE = YES;
				INFOPLIST_FILE = MySplashed/App/Info.plist;
				INFOPLIST_KEY_UIApplicationSupportsIndirectInputEvents = YES;
				INFOPLIST_KEY_UILaunchStoryboardName = LaunchScreen;
				INFOPLIST_KEY_UISupportedInterfaceOrientations = UIInterfaceOrientationPortrait;
				INFOPLIST_KEY_UISupportedInterfaceOrientations_iPad = "UIInterfaceOrientationLandscapeLeft UIInterfaceOrientationLandscapeRight UIInterfaceOrientationPortrait UIInterfaceOrientationPortraitUpsideDown";
				IPHONEOS_DEPLOYMENT_TARGET = 15.0;
				LD_RUNPATH_SEARCH_PATHS = (
					"$(inherited)",
					"@executable_path/Frameworks",
				);
				MARKETING_VERSION = 1.0;
				PRODUCT_BUNDLE_IDENTIFIER = com.Lets.MySplashed;
				PRODUCT_NAME = "$(TARGET_NAME)";
				SUPPORTED_PLATFORMS = "iphoneos iphonesimulator";
				SUPPORTS_MACCATALYST = NO;
				SUPPORTS_MAC_DESIGNED_FOR_IPHONE_IPAD = NO;
				SUPPORTS_XR_DESIGNED_FOR_IPHONE_IPAD = NO;
				SWIFT_EMIT_LOC_STRINGS = YES;
				SWIFT_VERSION = 5.0;
				TARGETED_DEVICE_FAMILY = 1;
			};
			name = Debug;
		};
		CEB45B8C2C4E3D0600327314 /* Release */ = {
			isa = XCBuildConfiguration;
			buildSettings = {
				ASSETCATALOG_COMPILER_APPICON_NAME = AppIcon;
				ASSETCATALOG_COMPILER_GLOBAL_ACCENT_COLOR_NAME = AccentColor;
				CODE_SIGN_STYLE = Automatic;
				CURRENT_PROJECT_VERSION = 1;
				DEVELOPMENT_TEAM = CZH2CMCGCZ;
				GENERATE_INFOPLIST_FILE = YES;
				INFOPLIST_FILE = MySplashed/App/Info.plist;
				INFOPLIST_KEY_UIApplicationSupportsIndirectInputEvents = YES;
				INFOPLIST_KEY_UILaunchStoryboardName = LaunchScreen;
				INFOPLIST_KEY_UISupportedInterfaceOrientations = UIInterfaceOrientationPortrait;
				INFOPLIST_KEY_UISupportedInterfaceOrientations_iPad = "UIInterfaceOrientationLandscapeLeft UIInterfaceOrientationLandscapeRight UIInterfaceOrientationPortrait UIInterfaceOrientationPortraitUpsideDown";
				IPHONEOS_DEPLOYMENT_TARGET = 15.0;
				LD_RUNPATH_SEARCH_PATHS = (
					"$(inherited)",
					"@executable_path/Frameworks",
				);
				MARKETING_VERSION = 1.0;
				PRODUCT_BUNDLE_IDENTIFIER = com.Lets.MySplashed;
				PRODUCT_NAME = "$(TARGET_NAME)";
				SUPPORTED_PLATFORMS = "iphoneos iphonesimulator";
				SUPPORTS_MACCATALYST = NO;
				SUPPORTS_MAC_DESIGNED_FOR_IPHONE_IPAD = NO;
				SUPPORTS_XR_DESIGNED_FOR_IPHONE_IPAD = NO;
				SWIFT_EMIT_LOC_STRINGS = YES;
				SWIFT_VERSION = 5.0;
				TARGETED_DEVICE_FAMILY = 1;
			};
			name = Release;
		};
/* End XCBuildConfiguration section */

/* Begin XCConfigurationList section */
		CEB45B712C4E3D0400327314 /* Build configuration list for PBXProject "MySplashed" */ = {
			isa = XCConfigurationList;
			buildConfigurations = (
				CEB45B882C4E3D0600327314 /* Debug */,
				CEB45B892C4E3D0600327314 /* Release */,
			);
			defaultConfigurationIsVisible = 0;
			defaultConfigurationName = Release;
		};
		CEB45B8A2C4E3D0600327314 /* Build configuration list for PBXNativeTarget "MySplashed" */ = {
			isa = XCConfigurationList;
			buildConfigurations = (
				CEB45B8B2C4E3D0600327314 /* Debug */,
				CEB45B8C2C4E3D0600327314 /* Release */,
			);
			defaultConfigurationIsVisible = 0;
			defaultConfigurationName = Release;
		};
/* End XCConfigurationList section */

/* Begin XCRemoteSwiftPackageReference section */
		CEB45BE12C4FE6C700327314 /* XCRemoteSwiftPackageReference "SnapKit" */ = {
			isa = XCRemoteSwiftPackageReference;
			repositoryURL = "https://github.com/SnapKit/SnapKit.git";
			requirement = {
				kind = upToNextMajorVersion;
				minimumVersion = 5.7.1;
			};
		};
/* End XCRemoteSwiftPackageReference section */

/* Begin XCSwiftPackageProductDependency section */
		CEB45BE22C4FE6C700327314 /* SnapKit */ = {
			isa = XCSwiftPackageProductDependency;
			package = CEB45BE12C4FE6C700327314 /* XCRemoteSwiftPackageReference "SnapKit" */;
			productName = SnapKit;
		};
/* End XCSwiftPackageProductDependency section */
	};
	rootObject = CEB45B6E2C4E3D0400327314 /* Project object */;
}
